
Microsoft Visual Studio Solution File, Format Version 12.00
# Visual Studio Version 16
VisualStudioVersion = 16.0.30011.22
MinimumVisualStudioVersion = 10.0.40219.1
Project("{FAE04EC0-301F-11D3-BF4B-00C04F79EFBC}") = "DataManagerAPI", "DataManagerAPI\DataManagerAPI.csproj", "{72CC2FC9-D72D-44C9-9C88-57C4909C89FD}"
EndProject
Project("{FAE04EC0-301F-11D3-BF4B-00C04F79EFBC}") = "DataManagerCoreAPI", "DataManagerCoreAPI\DataManagerCoreAPI.csproj", "{DB205B24-9E97-494C-BC46-C2D059FD77EB}"
EndProject
Global
	GlobalSection(SolutionConfigurationPlatforms) = preSolution
		Debug|Any CPU = Debug|Any CPU
		Release|Any CPU = Release|Any CPU
	EndGlobalSection
	GlobalSection(ProjectConfigurationPlatforms) = postSolution
		{72CC2FC9-D72D-44C9-9C88-57C4909C89FD}.Debug|Any CPU.ActiveCfg = Debug|Any CPU
		{72CC2FC9-D72D-44C9-9C88-57C4909C89FD}.Debug|Any CPU.Build.0 = Debug|Any CPU
		{72CC2FC9-D72D-44C9-9C88-57C4909C89FD}.Release|Any CPU.ActiveCfg = Release|Any CPU
		{72CC2FC9-D72D-44C9-9C88-57C4909C89FD}.Release|Any CPU.Build.0 = Release|Any CPU
		{DB205B24-9E97-494C-BC46-C2D059FD77EB}.Debug|Any CPU.ActiveCfg = Debug|Any CPU
		{DB205B24-9E97-494C-BC46-C2D059FD77EB}.Debug|Any CPU.Build.0 = Debug|Any CPU
		{DB205B24-9E97-494C-BC46-C2D059FD77EB}.Release|Any CPU.ActiveCfg = Release|Any CPU
		{DB205B24-9E97-494C-BC46-C2D059FD77EB}.Release|Any CPU.Build.0 = Release|Any CPU
	EndGlobalSection
	GlobalSection(SolutionProperties) = preSolution
		HideSolutionNode = FALSE
	EndGlobalSection
	GlobalSection(ExtensibilityGlobals) = postSolution
		SolutionGuid = {C09A8C8B-B800-412C-8683-D6FC090D018B}
	EndGlobalSection
EndGlobal
