
Microsoft Visual Studio Solution File, Format Version 12.00
# Visual Studio Version 16
VisualStudioVersion = 16.0.30011.22
MinimumVisualStudioVersion = 10.0.40219.1
Project("{FAE04EC0-301F-11D3-BF4B-00C04F79EFBC}") = "DataManagerAPI", "DataManagerAPI\DataManagerAPI.csproj", "{72CC2FC9-D72D-44C9-9C88-57C4909C89FD}"
EndProject
Project("{00D1A9C2-B5F0-4AF3-8072-F6C62B433612}") = "RMDatabase", "RMDatabase\RMDatabase.sqlproj", "{0D3225E2-F679-4C9A-B8D6-AD2B771AC045}"
EndProject
Project("{FAE04EC0-301F-11D3-BF4B-00C04F79EFBC}") = "RMDesktopUI", "RMDesktopUI\RMDesktopUI.csproj", "{29595A79-FAEC-4B21-BD0C-AD2DC7C9013E}"
EndProject
Project("{FAE04EC0-301F-11D3-BF4B-00C04F79EFBC}") = "DataManagerAPI.Library", "DataManagerAPI.Library\DataManagerAPI.Library.csproj", "{1DAC7901-98BE-4D15-B4E1-983E453964E4}"
EndProject
Global
	GlobalSection(SolutionConfigurationPlatforms) = preSolution
		Debug|Any CPU = Debug|Any CPU
		Release|Any CPU = Release|Any CPU
	EndGlobalSection
	GlobalSection(ProjectConfigurationPlatforms) = postSolution
		{72CC2FC9-D72D-44C9-9C88-57C4909C89FD}.Debug|Any CPU.ActiveCfg = Debug|Any CPU
		{72CC2FC9-D72D-44C9-9C88-57C4909C89FD}.Debug|Any CPU.Build.0 = Debug|Any CPU
		{72CC2FC9-D72D-44C9-9C88-57C4909C89FD}.Release|Any CPU.ActiveCfg = Release|Any CPU
		{72CC2FC9-D72D-44C9-9C88-57C4909C89FD}.Release|Any CPU.Build.0 = Release|Any CPU
		{0D3225E2-F679-4C9A-B8D6-AD2B771AC045}.Debug|Any CPU.ActiveCfg = Debug|Any CPU
		{0D3225E2-F679-4C9A-B8D6-AD2B771AC045}.Debug|Any CPU.Build.0 = Debug|Any CPU
		{0D3225E2-F679-4C9A-B8D6-AD2B771AC045}.Debug|Any CPU.Deploy.0 = Debug|Any CPU
		{0D3225E2-F679-4C9A-B8D6-AD2B771AC045}.Release|Any CPU.ActiveCfg = Release|Any CPU
		{0D3225E2-F679-4C9A-B8D6-AD2B771AC045}.Release|Any CPU.Build.0 = Release|Any CPU
		{0D3225E2-F679-4C9A-B8D6-AD2B771AC045}.Release|Any CPU.Deploy.0 = Release|Any CPU
		{29595A79-FAEC-4B21-BD0C-AD2DC7C9013E}.Debug|Any CPU.ActiveCfg = Debug|Any CPU
		{29595A79-FAEC-4B21-BD0C-AD2DC7C9013E}.Debug|Any CPU.Build.0 = Debug|Any CPU
		{29595A79-FAEC-4B21-BD0C-AD2DC7C9013E}.Release|Any CPU.ActiveCfg = Release|Any CPU
		{29595A79-FAEC-4B21-BD0C-AD2DC7C9013E}.Release|Any CPU.Build.0 = Release|Any CPU
		{1DAC7901-98BE-4D15-B4E1-983E453964E4}.Debug|Any CPU.ActiveCfg = Debug|Any CPU
		{1DAC7901-98BE-4D15-B4E1-983E453964E4}.Debug|Any CPU.Build.0 = Debug|Any CPU
		{1DAC7901-98BE-4D15-B4E1-983E453964E4}.Release|Any CPU.ActiveCfg = Release|Any CPU
		{1DAC7901-98BE-4D15-B4E1-983E453964E4}.Release|Any CPU.Build.0 = Release|Any CPU
	EndGlobalSection
	GlobalSection(SolutionProperties) = preSolution
		HideSolutionNode = FALSE
	EndGlobalSection
	GlobalSection(ExtensibilityGlobals) = postSolution
		SolutionGuid = {C09A8C8B-B800-412C-8683-D6FC090D018B}
	EndGlobalSection
EndGlobal
